
Microsoft Visual Studio Solution File, Format Version 12.00
# Visual Studio Version 16
VisualStudioVersion = 16.0.29920.165
MinimumVisualStudioVersion = 10.0.40219.1
Project("{9A19103F-16F7-4668-BE54-9A1E7A4F7556}") = "MarysMajesticMovies", "MarysMajesticMovies\MarysMajesticMovies.csproj", "{D47A4A6F-3463-4BC4-9DED-B76C1F1BB708}"
EndProject
Global
	GlobalSection(SolutionConfigurationPlatforms) = preSolution
		Debug|Any CPU = Debug|Any CPU
		Release|Any CPU = Release|Any CPU
	EndGlobalSection
	GlobalSection(ProjectConfigurationPlatforms) = postSolution
		{D47A4A6F-3463-4BC4-9DED-B76C1F1BB708}.Debug|Any CPU.ActiveCfg = Debug|Any CPU
		{D47A4A6F-3463-4BC4-9DED-B76C1F1BB708}.Debug|Any CPU.Build.0 = Debug|Any CPU
		{D47A4A6F-3463-4BC4-9DED-B76C1F1BB708}.Release|Any CPU.ActiveCfg = Release|Any CPU
		{D47A4A6F-3463-4BC4-9DED-B76C1F1BB708}.Release|Any CPU.Build.0 = Release|Any CPU
	EndGlobalSection
	GlobalSection(SolutionProperties) = preSolution
		HideSolutionNode = FALSE
	EndGlobalSection
	GlobalSection(ExtensibilityGlobals) = postSolution
		SolutionGuid = {DB9FC3D8-1B8D-4E98-9717-46E054073D2E}
	EndGlobalSection
EndGlobal
